{
    "_meta": {
        "hash": {
            "sha256": "039e059dc98cad376a5ebc05c188eb943fa93e5e11b8ef1d1f22a2cc831a4697"
        },
        "pipfile-spec": 6,
        "requires": {
            "python_version": "3.9"
        },
        "sources": [
            {
                "name": "pypi",
                "url": "https://pypi.org/simple",
                "verify_ssl": true
            }
        ]
    },
    "default": {
        "cli-helpers": {
            "extras": [
                "styles"
            ],
            "hashes": [
                "sha256:6fe25b8fa78030a88f41b2af9ae4699bb341970773b444bd522f3627bd4485f2",
                "sha256:dd6f164310f7d86fa3da1f82043a9c784e44a02ad49be932a80624261e56979b"
            ],
            "version": "==2.1.0"
        },
        "click": {
            "hashes": [
                "sha256:d2b5255c7c6349bc1bd1e59e08cd12acbbd63ce649f2588755783aa94dfb6b1a",
                "sha256:dacca89f4bfadd5de3d7489b7c8a566eee0d3676333fbb50030263894c38c0dc"
            ],
            "markers": "python_version >= '2.7' and python_version not in '3.0, 3.1, 3.2, 3.3, 3.4'",
            "version": "==7.1.2"
        },
        "configobj": {
            "hashes": [
                "sha256:a2f5650770e1c87fb335af19a9b7eb73fc05ccf22144eb68db7d00cd2bcb0902"
            ],
            "version": "==5.0.6"
        },
        "humanize": {
            "hashes": [
                "sha256:6790d9ba139ce09761ae901be9b22bd32a131fa65ecc82cdfc4d86f377f7395d",
                "sha256:fd3eb915310335c63a54d4507289ecc7b3a7454cd2c22ac5086d061a3cbfd592"
            ],
            "markers": "python_version >= '3.6'",
            "version": "==3.1.0"
        },
        "pgcli": {
            "hashes": [
                "sha256:4920225838e8004ae6d2ec42f566e0a8b99c4bd42bc2c876d0de8501da0a4082",
                "sha256:b96cb5c920757ebc9ab8a0a74dfbe9e3ac2eacb355f187648d28a8c2f3779b5f"
            ],
            "index": "pypi",
            "version": "==3.0.0"
        },
        "pgspecial": {
            "hashes": [
                "sha256:ba5b2f26fc547adb73473495c4010e717efa0bb0b86fc80bf8820bea0649f572",
                "sha256:f65c74a7ecfd4d6af3feb963a1bf8a612e5882731f69afd06ae66ffee13238cb"
            ],
            "version": "==1.11.10"
        },
        "prompt-toolkit": {
            "hashes": [
                "sha256:25c95d2ac813909f813c93fde734b6e44406d1477a9faef7c915ff37d39c0a8c",
                "sha256:7debb9a521e0b1ee7d2fe96ee4bd60ef03c6492784de0547337ca4433e46aa63"
            ],
            "markers": "python_full_version >= '3.6.1'",
            "version": "==3.0.8"
        },
        "psycopg2": {
            "hashes": [
                "sha256:00195b5f6832dbf2876b8bf77f12bdce648224c89c880719c745b90515233301",
                "sha256:068115e13c70dc5982dfc00c5d70437fe37c014c808acce119b5448361c03725",
                "sha256:26e7fd115a6db75267b325de0fba089b911a4a12ebd3d0b5e7acb7028bc46821",
                "sha256:2c93d4d16933fea5bbacbe1aaf8fa8c1348740b2e50b3735d1b0bf8154cbf0f3",
                "sha256:56007a226b8e95aa980ada7abdea6b40b75ce62a433bd27cec7a8178d57f4051",
                "sha256:56fee7f818d032f802b8eed81ef0c1232b8b42390df189cab9cfa87573fe52c5",
                "sha256:6a3d9efb6f36f1fe6aa8dbb5af55e067db802502c55a9defa47c5a1dad41df84",
                "sha256:a49833abfdede8985ba3f3ec641f771cca215479f41523e99dace96d5b8cce2a",
                "sha256:ad2fe8a37be669082e61fb001c185ffb58867fdbb3e7a6b0b0d2ffe232353a3e",
                "sha256:b8cae8b2f022efa1f011cc753adb9cbadfa5a184431d09b273fb49b4167561ad",
                "sha256:d160744652e81c80627a909a0e808f3c6653a40af435744de037e3172cf277f5",
                "sha256:d5062ae50b222da28253059880a871dc87e099c25cb68acf613d9d227413d6f7",
                "sha256:f22ea9b67aea4f4a1718300908a2fb62b3e4276cf00bd829a97ab5894af42ea3",
                "sha256:f974c96fca34ae9e4f49839ba6b78addf0346777b46c4da27a7bf54f48d3057d",
                "sha256:fb23f6c71107c37fd667cb4ea363ddeb936b348bbd6449278eb92c189699f543"
            ],
            "markers": "python_version >= '2.7' and python_version not in '3.0, 3.1, 3.2, 3.3'",
            "version": "==2.8.6"
        },
        "pygments": {
            "hashes": [
                "sha256:381985fcc551eb9d37c52088a32914e00517e57f4a21609f48141ba08e193fa0",
                "sha256:88a0bbcd659fcb9573703957c6b9cff9fab7295e6e76db54c9d00ae42df32773"
            ],
            "version": "==2.7.2"
        },
        "setproctitle": {
            "hashes": [
                "sha256:1efd52cabc8137a9c213786aab0031dc9e39263aa07320f3d4df46b3acc6c3bb",
                "sha256:262dad89d0126fcfda5f96c85964b74b594e443e11abd6b16730bf810b967e42",
                "sha256:2f01f4c828f08d70074eb9bc6810c854719f72037f4cdd3318f2469ebf65674c",
                "sha256:980fbf15c5a09614b501cbb4920b829563527c23b682a555bb1fc7c46c2134e1",
                "sha256:9b4e48722dd96cbd66d5bf2eab930fff8546cd551dd8d774c8a319448bd381a6",
                "sha256:a414d3083a92be6e5c896b68ed8bd4cbdb3d1f0286ec857ecca877bfbf91d084",
                "sha256:b5a24361df1d05dad8569688476932c9f67015fffbfdf6e07169a91f06cbe2dd",
                "sha256:da774fd1d10aaf19fe0ef1662f272cd6bbd7835996f1455538ca687f7f6e3e0a",
                "sha256:f85501c4a44af18e87d9814cbc525fa2c962d7c278ad64ae5634834b8b449a96"
            ],
            "markers": "python_version >= '3.6'",
            "version": "==1.2"
        },
        "six": {
            "hashes": [
                "sha256:30639c035cdb23534cd4aa2dd52c3bf48f06e5f4a941509c8bafd8ce11080259",
                "sha256:8b74bedcbbbaca38ff6d7491d76f2b06b3592611af620f8426e82dddb04a5ced"
            ],
            "markers": "python_version >= '2.7' and python_version not in '3.0, 3.1, 3.2, 3.3'",
            "version": "==1.15.0"
        },
        "sqlparse": {
            "hashes": [
                "sha256:022fb9c87b524d1f7862b3037e541f68597a730a8843245c349fc93e1643dc4e",
                "sha256:e162203737712307dfe78860cc56c8da8a852ab2ee33750e33aeadf38d12c548"
            ],
            "markers": "python_version >= '2.7' and python_version not in '3.0, 3.1, 3.2, 3.3'",
            "version": "==0.3.1"
        },
        "tabulate": {
            "extras": [
                "widechars"
            ],
            "hashes": [
                "sha256:ac64cb76d53b1231d364babcd72abbb16855adac7de6665122f97b593f1eb2ba",
                "sha256:db2723a20d04bcda8522165c73eea7c300eda74e0ce852d9022e0159d7895007"
            ],
            "version": "==0.8.7"
        },
        "terminaltables": {
            "hashes": [
                "sha256:f3eb0eb92e3833972ac36796293ca0906e998dc3be91fbe1f8615b331b853b81"
            ],
            "version": "==3.1.0"
        },
        "wcwidth": {
            "hashes": [
                "sha256:beb4802a9cebb9144e99086eff703a642a13d6a0052920003a230f3294bbe784",
                "sha256:c4d647b99872929fdb7bdcaa4fbe7f01413ed3d98077df798530e5b04f116c83"
            ],
            "version": "==0.2.5"
        }
    },
    "develop": {}
}
